// !$*UTF8*$!
{
	archiveVersion = 1;
	classes = {
	};
	objectVersion = 56;
	objects = {

/* Begin PBXBuildFile section */
		A10000010000000000000001 /* SnippitApp.swift in Sources */ = {isa = PBXBuildFile; fileRef = A20000010000000000000001; };
		A10000010000000000000002 /* ContentView.swift in Sources */ = {isa = PBXBuildFile; fileRef = A20000010000000000000002; };
		A10000010000000000000003 /* HomeView.swift in Sources */ = {isa = PBXBuildFile; fileRef = A20000010000000000000003; };
		A10000010000000000000004 /* MagazineBrowserView.swift in Sources */ = {isa = PBXBuildFile; fileRef = A20000010000000000000004; };
		A10000010000000000000005 /* CollageCanvasView.swift in Sources */ = {isa = PBXBuildFile; fileRef = A20000010000000000000005; };
		A10000010000000000000006 /* Assets.xcassets in Resources */ = {isa = PBXBuildFile; fileRef = A20000010000000000000006; };
		A10000010000000000000101 /* PreviewData.swift in Sources */ = {isa = PBXBuildFile; fileRef = A20000010000000000000101; };
		A10000010000000000000102 /* CollageProject.swift in Sources */ = {isa = PBXBuildFile; fileRef = A20000010000000000000102; };
		A10000010000000000000103 /* ClippedItem.swift in Sources */ = {isa = PBXBuildFile; fileRef = A20000010000000000000103; };
		A10000010000000000000104 /* MagazineItem.swift in Sources */ = {isa = PBXBuildFile; fileRef = A20000010000000000000104; };
		A10000010000000000000105 /* MagazineManager.swift in Sources */ = {isa = PBXBuildFile; fileRef = A20000010000000000000105; };
		A10000010000000000000106 /* AIClippingEngine.swift in Sources */ = {isa = PBXBuildFile; fileRef = A20000010000000000000106; };
		A10000010000000000000107 /* PaperEffectsRenderer.swift in Sources */ = {isa = PBXBuildFile; fileRef = A20000010000000000000107; };
		A10000010000000000000108 /* CloudKitSyncManager.swift in Sources */ = {isa = PBXBuildFile; fileRef = A20000010000000000000108; };
		A10000010000000000000200 /* CanvasSize.swift in Sources */ = {isa = PBXBuildFile; fileRef = A20000010000000000000200; };
		A10000010000000000000201 /* StarterTemplate.swift in Sources */ = {isa = PBXBuildFile; fileRef = A20000010000000000000201; };
		A10000010000000000000202 /* InspirationItem.swift in Sources */ = {isa = PBXBuildFile; fileRef = A20000010000000000000202; };
		A10000010000000000000203 /* ProjectCardView.swift in Sources */ = {isa = PBXBuildFile; fileRef = A20000010000000000000203; };
		A10000010000000000000204 /* NewCollageButton.swift in Sources */ = {isa = PBXBuildFile; fileRef = A20000010000000000000204; };
		A10000010000000000000205 /* TemplateRowView.swift in Sources */ = {isa = PBXBuildFile; fileRef = A20000010000000000000205; };
		A10000010000000000000206 /* InspirationGalleryView.swift in Sources */ = {isa = PBXBuildFile; fileRef = A20000010000000000000206; };
		A10000010000000000000207 /* IngredientsTrayView.swift in Sources */ = {isa = PBXBuildFile; fileRef = A20000010000000000000207; };
		A100000100000000000000300 /* MagazineCategory.swift in Sources */ = {isa = PBXBuildFile; fileRef = A200000100000000000000300; };
		A100000100000000000000301 /* CuratedCollection.swift in Sources */ = {isa = PBXBuildFile; fileRef = A200000100000000000000301; };
		A100000100000000000000302 /* BookmarkedPage.swift in Sources */ = {isa = PBXBuildFile; fileRef = A200000100000000000000302; };
		A100000100000000000000303 /* BrowsingHistoryManager.swift in Sources */ = {isa = PBXBuildFile; fileRef = A200000100000000000000303; };
		A100000100000000000000304 /* CategoryFilterBar.swift in Sources */ = {isa = PBXBuildFile; fileRef = A200000100000000000000304; };
		A100000100000000000000305 /* DecadeFilterBar.swift in Sources */ = {isa = PBXBuildFile; fileRef = A200000100000000000000305; };
		A100000100000000000000306 /* MagazineCoverCard.swift in Sources */ = {isa = PBXBuildFile; fileRef = A200000100000000000000306; };
		A100000100000000000000307 /* CuratedCollectionRow.swift in Sources */ = {isa = PBXBuildFile; fileRef = A200000100000000000000307; };
		A100000100000000000000308 /* RecentlyBrowsedRow.swift in Sources */ = {isa = PBXBuildFile; fileRef = A200000100000000000000308; };
		A100000100000000000000309 /* BookmarkedPagesView.swift in Sources */ = {isa = PBXBuildFile; fileRef = A200000100000000000000309; };
		A100000100000000000000310 /* MagazineReaderView.swift in Sources */ = {isa = PBXBuildFile; fileRef = A200000100000000000000310; };
		A100000100000000000000311 /* CollectionDetailView.swift in Sources */ = {isa = PBXBuildFile; fileRef = A200000100000000000000311; };
		0DE093EF8ECC4C5CA018BF91 /* SmartClippingView.swift in Sources */ = {isa = PBXBuildFile; fileRef = 231D11CAA05140A18221F958 /* SmartClippingView.swift */; };
		1B9A702A6B1F42BBAA682F47 /* SmartClippingViewModel.swift in Sources */ = {isa = PBXBuildFile; fileRef = 0D21167A4FBB4CBF9DDFFE0D /* SmartClippingViewModel.swift */; };
		0151953FB71545E1B6D73364 /* ClippingCanvasView.swift in Sources */ = {isa = PBXBuildFile; fileRef = AAE30DEA237F422181804097 /* ClippingCanvasView.swift */; };
		F885BFEAD5444768AB8C3D47 /* ClippingToolbar.swift in Sources */ = {isa = PBXBuildFile; fileRef = 5B81735628E7480E9A636B9D /* ClippingToolbar.swift */; };
		11F5D08FFBEE47C49EE41977 /* ImageSourcePicker.swift in Sources */ = {isa = PBXBuildFile; fileRef = 67CFDCCFBFAF411784DA6E76 /* ImageSourcePicker.swift */; };
		22B613B33B7541F29E77B1C1 /* CameraCaptureView.swift in Sources */ = {isa = PBXBuildFile; fileRef = DD44C7B44AB14C44B7B0B37D /* CameraCaptureView.swift */; };
		F9883BE7D0114392A18E2ABA /* ClipConfirmationSheet.swift in Sources */ = {isa = PBXBuildFile; fileRef = ED81736C9F624F3B9638FED2 /* ClipConfirmationSheet.swift */; };
		870813614A02AAE953E37996 /* CanvasViewModel.swift in Sources */ = {isa = PBXBuildFile; fileRef = 8283D8089F8B899594C91205; };
		A262A8507313267DF832E041 /* CanvasBackgroundView.swift in Sources */ = {isa = PBXBuildFile; fileRef = 445F65E64D7B282E2AF12E92; };
		C6BF7E5E0DB524264A81916C /* CanvasIngredientsTrayView.swift in Sources */ = {isa = PBXBuildFile; fileRef = 8D2D7793478F8E9F0D098815; };
		E78057699F06B6FC1F11FB68 /* CanvasItemView.swift in Sources */ = {isa = PBXBuildFile; fileRef = 274AA64038EEA7CDF4A7ED22; };
		094350B7B6436C67E5A90AE5 /* CanvasToolbarView.swift in Sources */ = {isa = PBXBuildFile; fileRef = DD44D24660C48F27A64E2120; };
		78F395AB1A42E8EF5067E374 /* GridOverlayView.swift in Sources */ = {isa = PBXBuildFile; fileRef = B4D0AEC9206C7F336346C39C; };
		DA3518DB19FE862671C8375C /* SnapGuidesView.swift in Sources */ = {isa = PBXBuildFile; fileRef = 9BB605480799EC7433059B2A; };
/* End PBXBuildFile section */

/* Begin PBXFileReference section */
		A20000010000000000000001 /* SnippitApp.swift */ = {isa = PBXFileReference; lastKnownFileType = sourcecode.swift; path = SnippitApp.swift; sourceTree = "<group>"; };
		A20000010000000000000002 /* ContentView.swift */ = {isa = PBXFileReference; lastKnownFileType = sourcecode.swift; path = ContentView.swift; sourceTree = "<group>"; };
		A20000010000000000000003 /* HomeView.swift */ = {isa = PBXFileReference; lastKnownFileType = sourcecode.swift; path = HomeView.swift; sourceTree = "<group>"; };
		A20000010000000000000004 /* MagazineBrowserView.swift */ = {isa = PBXFileReference; lastKnownFileType = sourcecode.swift; path = MagazineBrowserView.swift; sourceTree = "<group>"; };
		A20000010000000000000005 /* CollageCanvasView.swift */ = {isa = PBXFileReference; lastKnownFileType = sourcecode.swift; path = CollageCanvasView.swift; sourceTree = "<group>"; };
		A20000010000000000000006 /* Assets.xcassets */ = {isa = PBXFileReference; lastKnownFileType = folder.assetcatalog; path = Assets.xcassets; sourceTree = "<group>"; };
		A20000010000000000000010 /* Snippit.app */ = {isa = PBXFileReference; explicitFileType = wrapper.application; includeInIndex = 0; path = Snippit.app; sourceTree = BUILT_PRODUCTS_DIR; };
		A20000010000000000000101 /* PreviewData.swift */ = {isa = PBXFileReference; lastKnownFileType = sourcecode.swift; path = PreviewData.swift; sourceTree = "<group>"; };
		A20000010000000000000102 /* CollageProject.swift */ = {isa = PBXFileReference; lastKnownFileType = sourcecode.swift; path = CollageProject.swift; sourceTree = "<group>"; };
		A20000010000000000000103 /* ClippedItem.swift */ = {isa = PBXFileReference; lastKnownFileType = sourcecode.swift; path = ClippedItem.swift; sourceTree = "<group>"; };
		A20000010000000000000104 /* MagazineItem.swift */ = {isa = PBXFileReference; lastKnownFileType = sourcecode.swift; path = MagazineItem.swift; sourceTree = "<group>"; };
		A20000010000000000000105 /* MagazineManager.swift */ = {isa = PBXFileReference; lastKnownFileType = sourcecode.swift; path = MagazineManager.swift; sourceTree = "<group>"; };
		A20000010000000000000106 /* AIClippingEngine.swift */ = {isa = PBXFileReference; lastKnownFileType = sourcecode.swift; path = AIClippingEngine.swift; sourceTree = "<group>"; };
		A20000010000000000000107 /* PaperEffectsRenderer.swift */ = {isa = PBXFileReference; lastKnownFileType = sourcecode.swift; path = PaperEffectsRenderer.swift; sourceTree = "<group>"; };
		A20000010000000000000108 /* CloudKitSyncManager.swift */ = {isa = PBXFileReference; lastKnownFileType = sourcecode.swift; path = CloudKitSyncManager.swift; sourceTree = "<group>"; };
		A20000010000000000000200 /* CanvasSize.swift */ = {isa = PBXFileReference; lastKnownFileType = sourcecode.swift; path = CanvasSize.swift; sourceTree = "<group>"; };
		A20000010000000000000201 /* StarterTemplate.swift */ = {isa = PBXFileReference; lastKnownFileType = sourcecode.swift; path = StarterTemplate.swift; sourceTree = "<group>"; };
		A20000010000000000000202 /* InspirationItem.swift */ = {isa = PBXFileReference; lastKnownFileType = sourcecode.swift; path = InspirationItem.swift; sourceTree = "<group>"; };
		A20000010000000000000203 /* ProjectCardView.swift */ = {isa = PBXFileReference; lastKnownFileType = sourcecode.swift; path = ProjectCardView.swift; sourceTree = "<group>"; };
		A20000010000000000000204 /* NewCollageButton.swift */ = {isa = PBXFileReference; lastKnownFileType = sourcecode.swift; path = NewCollageButton.swift; sourceTree = "<group>"; };
		A20000010000000000000205 /* TemplateRowView.swift */ = {isa = PBXFileReference; lastKnownFileType = sourcecode.swift; path = TemplateRowView.swift; sourceTree = "<group>"; };
		A20000010000000000000206 /* InspirationGalleryView.swift */ = {isa = PBXFileReference; lastKnownFileType = sourcecode.swift; path = InspirationGalleryView.swift; sourceTree = "<group>"; };
		A20000010000000000000207 /* IngredientsTrayView.swift */ = {isa = PBXFileReference; lastKnownFileType = sourcecode.swift; path = IngredientsTrayView.swift; sourceTree = "<group>"; };
		A200000100000000000000300 /* MagazineCategory.swift */ = {isa = PBXFileReference; lastKnownFileType = sourcecode.swift; path = MagazineCategory.swift; sourceTree = "<group>"; };
		A200000100000000000000301 /* CuratedCollection.swift */ = {isa = PBXFileReference; lastKnownFileType = sourcecode.swift; path = CuratedCollection.swift; sourceTree = "<group>"; };
		A200000100000000000000302 /* BookmarkedPage.swift */ = {isa = PBXFileReference; lastKnownFileType = sourcecode.swift; path = BookmarkedPage.swift; sourceTree = "<group>"; };
		A200000100000000000000303 /* BrowsingHistoryManager.swift */ = {isa = PBXFileReference; lastKnownFileType = sourcecode.swift; path = BrowsingHistoryManager.swift; sourceTree = "<group>"; };
		A200000100000000000000304 /* CategoryFilterBar.swift */ = {isa = PBXFileReference; lastKnownFileType = sourcecode.swift; path = CategoryFilterBar.swift; sourceTree = "<group>"; };
		A200000100000000000000305 /* DecadeFilterBar.swift */ = {isa = PBXFileReference; lastKnownFileType = sourcecode.swift; path = DecadeFilterBar.swift; sourceTree = "<group>"; };
		A200000100000000000000306 /* MagazineCoverCard.swift */ = {isa = PBXFileReference; lastKnownFileType = sourcecode.swift; path = MagazineCoverCard.swift; sourceTree = "<group>"; };
		A200000100000000000000307 /* CuratedCollectionRow.swift */ = {isa = PBXFileReference; lastKnownFileType = sourcecode.swift; path = CuratedCollectionRow.swift; sourceTree = "<group>"; };
		A200000100000000000000308 /* RecentlyBrowsedRow.swift */ = {isa = PBXFileReference; lastKnownFileType = sourcecode.swift; path = RecentlyBrowsedRow.swift; sourceTree = "<group>"; };
		A200000100000000000000309 /* BookmarkedPagesView.swift */ = {isa = PBXFileReference; lastKnownFileType = sourcecode.swift; path = BookmarkedPagesView.swift; sourceTree = "<group>"; };
		A200000100000000000000310 /* MagazineReaderView.swift */ = {isa = PBXFileReference; lastKnownFileType = sourcecode.swift; path = MagazineReaderView.swift; sourceTree = "<group>"; };
		A200000100000000000000311 /* CollectionDetailView.swift */ = {isa = PBXFileReference; lastKnownFileType = sourcecode.swift; path = CollectionDetailView.swift; sourceTree = "<group>"; };
		231D11CAA05140A18221F958 /* SmartClippingView.swift */ = {isa = PBXFileReference; lastKnownFileType = sourcecode.swift; path = SmartClippingView.swift; sourceTree = "<group>"; };
		0D21167A4FBB4CBF9DDFFE0D /* SmartClippingViewModel.swift */ = {isa = PBXFileReference; lastKnownFileType = sourcecode.swift; path = SmartClippingViewModel.swift; sourceTree = "<group>"; };
		AAE30DEA237F422181804097 /* ClippingCanvasView.swift */ = {isa = PBXFileReference; lastKnownFileType = sourcecode.swift; path = ClippingCanvasView.swift; sourceTree = "<group>"; };
		5B81735628E7480E9A636B9D /* ClippingToolbar.swift */ = {isa = PBXFileReference; lastKnownFileType = sourcecode.swift; path = ClippingToolbar.swift; sourceTree = "<group>"; };
		67CFDCCFBFAF411784DA6E76 /* ImageSourcePicker.swift */ = {isa = PBXFileReference; lastKnownFileType = sourcecode.swift; path = ImageSourcePicker.swift; sourceTree = "<group>"; };
		DD44C7B44AB14C44B7B0B37D /* CameraCaptureView.swift */ = {isa = PBXFileReference; lastKnownFileType = sourcecode.swift; path = CameraCaptureView.swift; sourceTree = "<group>"; };
		ED81736C9F624F3B9638FED2 /* ClipConfirmationSheet.swift */ = {isa = PBXFileReference; lastKnownFileType = sourcecode.swift; path = ClipConfirmationSheet.swift; sourceTree = "<group>"; };
		8283D8089F8B899594C91205 /* CanvasViewModel.swift */ = {isa = PBXFileReference; lastKnownFileType = sourcecode.swift; path = CanvasViewModel.swift; sourceTree = "<group>"; };
		445F65E64D7B282E2AF12E92 /* CanvasBackgroundView.swift */ = {isa = PBXFileReference; lastKnownFileType = sourcecode.swift; path = CanvasBackgroundView.swift; sourceTree = "<group>"; };
		8D2D7793478F8E9F0D098815 /* CanvasIngredientsTrayView.swift */ = {isa = PBXFileReference; lastKnownFileType = sourcecode.swift; path = CanvasIngredientsTrayView.swift; sourceTree = "<group>"; };
		274AA64038EEA7CDF4A7ED22 /* CanvasItemView.swift */ = {isa = PBXFileReference; lastKnownFileType = sourcecode.swift; path = CanvasItemView.swift; sourceTree = "<group>"; };
		DD44D24660C48F27A64E2120 /* CanvasToolbarView.swift */ = {isa = PBXFileReference; lastKnownFileType = sourcecode.swift; path = CanvasToolbarView.swift; sourceTree = "<group>"; };
		B4D0AEC9206C7F336346C39C /* GridOverlayView.swift */ = {isa = PBXFileReference; lastKnownFileType = sourcecode.swift; path = GridOverlayView.swift; sourceTree = "<group>"; };
		9BB605480799EC7433059B2A /* SnapGuidesView.swift */ = {isa = PBXFileReference; lastKnownFileType = sourcecode.swift; path = SnapGuidesView.swift; sourceTree = "<group>"; };
/* End PBXFileReference section */

/* Begin PBXFrameworksBuildPhase section */
		A30000010000000000000001 /* Frameworks */ = {
			isa = PBXFrameworksBuildPhase;
			buildActionMask = 2147483647;
			files = (
			);
			runOnlyForDeploymentPostprocessing = 0;
		};
/* End PBXFrameworksBuildPhase section */

/* Begin PBXGroup section */
		A40000010000000000000001 = {
			isa = PBXGroup;
			children = (
				A40000010000000000000002 /* Snippit */,
				A40000010000000000000099 /* Products */,
			);
			sourceTree = "<group>";
		};
		A40000010000000000000099 /* Products */ = {
			isa = PBXGroup;
			children = (
				A20000010000000000000010 /* Snippit.app */,
			);
			name = Products;
			sourceTree = "<group>";
		};
		A40000010000000000000002 /* Snippit */ = {
			isa = PBXGroup;
			children = (
				A40000010000000000000003 /* App */,
				A40000010000000000000004 /* Views */,
				A40000010000000000000010 /* Managers */,
				A40000010000000000000008 /* Models */,
				A40000010000000000000009 /* Services */,
				A20000010000000000000006 /* Assets.xcassets */,
			);
			path = Snippit;
			sourceTree = "<group>";
		};
		A40000010000000000000003 /* App */ = {
			isa = PBXGroup;
			children = (
				A20000010000000000000001 /* SnippitApp.swift */,
				A20000010000000000000002 /* ContentView.swift */,
			);
			path = App;
			sourceTree = "<group>";
		};
		A40000010000000000000004 /* Views */ = {
			isa = PBXGroup;
			children = (
				A40000010000000000000005 /* Home */,
				A40000010000000000000006 /* MagazineBrowser */,
				A40000010000000000000007 /* CollageCanvas */,
				33A08EB9A4604019B7CC025F /* SmartClipping */,
			);
			path = Views;
			sourceTree = "<group>";
		};
		A40000010000000000000005 /* Home */ = {
			isa = PBXGroup;
			children = (
				A20000010000000000000003 /* HomeView.swift */,
				A40000010000000000000011 /* Components */,
			);
			path = Home;
			sourceTree = "<group>";
		};
		A40000010000000000000006 /* MagazineBrowser */ = {
			isa = PBXGroup;
			children = (
				A20000010000000000000004 /* MagazineBrowserView.swift */,
				A200000100000000000000310 /* MagazineReaderView.swift */,
				A200000100000000000000311 /* CollectionDetailView.swift */,
				A40000010000000000000012 /* Components */,
			);
			path = MagazineBrowser;
			sourceTree = "<group>";
		};
		A40000010000000000000007 /* CollageCanvas */ = {
			isa = PBXGroup;
			children = (
				A20000010000000000000005 /* CollageCanvasView.swift */,
				8283D8089F8B899594C91205 /* CanvasViewModel.swift */,
				9320AF9D0F6A58D1FBB304C1 /* Components */,
			);
			path = CollageCanvas;
			sourceTree = "<group>";
		};
		9320AF9D0F6A58D1FBB304C1 /* Components */ = {
			isa = PBXGroup;
			children = (
				445F65E64D7B282E2AF12E92 /* CanvasBackgroundView.swift */,
				8D2D7793478F8E9F0D098815 /* CanvasIngredientsTrayView.swift */,
				274AA64038EEA7CDF4A7ED22 /* CanvasItemView.swift */,
				DD44D24660C48F27A64E2120 /* CanvasToolbarView.swift */,
				B4D0AEC9206C7F336346C39C /* GridOverlayView.swift */,
				9BB605480799EC7433059B2A /* SnapGuidesView.swift */,
			);
			path = Components;
			sourceTree = "<group>";
		};
		A40000010000000000000008 /* Models */ = {
			isa = PBXGroup;
			children = (
				A20000010000000000000101 /* PreviewData.swift */,
				A20000010000000000000102 /* CollageProject.swift */,
				A20000010000000000000103 /* ClippedItem.swift */,
				A20000010000000000000104 /* MagazineItem.swift */,
				A20000010000000000000200 /* CanvasSize.swift */,
				A20000010000000000000201 /* StarterTemplate.swift */,
				A20000010000000000000202 /* InspirationItem.swift */,
				A200000100000000000000300 /* MagazineCategory.swift */,
				A200000100000000000000301 /* CuratedCollection.swift */,
				A200000100000000000000302 /* BookmarkedPage.swift */,
			);
			path = Models;
			sourceTree = "<group>";
		};
		A40000010000000000000009 /* Services */ = {
			isa = PBXGroup;
			children = (
				A20000010000000000000106 /* AIClippingEngine.swift */,
				A20000010000000000000107 /* PaperEffectsRenderer.swift */,
				A20000010000000000000108 /* CloudKitSyncManager.swift */,
			);
			path = Services;
			sourceTree = "<group>";
		};
		A40000010000000000000010 /* Managers */ = {
			isa = PBXGroup;
			children = (
				A20000010000000000000105 /* MagazineManager.swift */,
				A200000100000000000000303 /* BrowsingHistoryManager.swift */,
			);
			path = Managers;
			sourceTree = "<group>";
		};
		A40000010000000000000011 /* Components */ = {
			isa = PBXGroup;
			children = (
				A20000010000000000000203 /* ProjectCardView.swift */,
				A20000010000000000000204 /* NewCollageButton.swift */,
				A20000010000000000000205 /* TemplateRowView.swift */,
				A20000010000000000000206 /* InspirationGalleryView.swift */,
				A20000010000000000000207 /* IngredientsTrayView.swift */,
			);
			path = Components;
			sourceTree = "<group>";
		};
		A40000010000000000000012 /* Components */ = {
			isa = PBXGroup;
			children = (
				A200000100000000000000304 /* CategoryFilterBar.swift */,
				A200000100000000000000305 /* DecadeFilterBar.swift */,
				A200000100000000000000306 /* MagazineCoverCard.swift */,
				A200000100000000000000307 /* CuratedCollectionRow.swift */,
				A200000100000000000000308 /* RecentlyBrowsedRow.swift */,
				A200000100000000000000309 /* BookmarkedPagesView.swift */,
			);
			path = Components;
			sourceTree = "<group>";
		};
		33A08EB9A4604019B7CC025F /* SmartClipping */ = {
			isa = PBXGroup;
			children = (
				231D11CAA05140A18221F958 /* SmartClippingView.swift */,
				0D21167A4FBB4CBF9DDFFE0D /* SmartClippingViewModel.swift */,
				AAE30DEA237F422181804097 /* ClippingCanvasView.swift */,
				ED7E3FE8B63D4AEEA65E4F46 /* Components */,
			);
			path = SmartClipping;
			sourceTree = "<group>";
		};
		ED7E3FE8B63D4AEEA65E4F46 /* Components */ = {
			isa = PBXGroup;
			children = (
				5B81735628E7480E9A636B9D /* ClippingToolbar.swift */,
				67CFDCCFBFAF411784DA6E76 /* ImageSourcePicker.swift */,
				DD44C7B44AB14C44B7B0B37D /* CameraCaptureView.swift */,
				ED81736C9F624F3B9638FED2 /* ClipConfirmationSheet.swift */,
			);
			path = Components;
			sourceTree = "<group>";
		};
/* End PBXGroup section */

/* Begin PBXNativeTarget section */
		A50000010000000000000001 /* Snippit */ = {
			isa = PBXNativeTarget;
			buildConfigurationList = A70000010000000000000003 /* Build configuration list for PBXNativeTarget "Snippit" */;
			buildPhases = (
				A60000010000000000000001 /* Sources */,
				A30000010000000000000001 /* Frameworks */,
				A80000010000000000000001 /* Resources */,
			);
			buildRules = (
			);
			dependencies = (
			);
			name = Snippit;
			productName = Snippit;
			productReference = A20000010000000000000010 /* Snippit.app */;
			productType = "com.apple.product-type.application";
		};
/* End PBXNativeTarget section */

/* Begin PBXProject section */
		A90000010000000000000001 /* Project object */ = {
			isa = PBXProject;
			attributes = {
				BuildIndependentTargetsInParallel = 1;
				LastSwiftUpdateCheck = 1540;
				LastUpgradeCheck = 1540;
				TargetAttributes = {
					A50000010000000000000001 = {
						CreatedOnToolsVersion = 15.4;
					};
				};
			};
			buildConfigurationList = A70000010000000000000001 /* Build configuration list for PBXProject "Snippit" */;
			compatibilityVersion = "Xcode 14.0";
			developmentRegion = en;
			hasScannedForEncodings = 0;
			knownRegions = (
				en,
				Base,
			);
			mainGroup = A40000010000000000000001;
			productRefGroup = A40000010000000000000099 /* Products */;
			projectDirPath = "";
			projectRoot = "";
			targets = (
				A50000010000000000000001 /* Snippit */,
			);
		};
/* End PBXProject section */

/* Begin PBXResourcesBuildPhase section */
		A80000010000000000000001 /* Resources */ = {
			isa = PBXResourcesBuildPhase;
			buildActionMask = 2147483647;
			files = (
				A10000010000000000000006 /* Assets.xcassets in Resources */,
			);
			runOnlyForDeploymentPostprocessing = 0;
		};
/* End PBXResourcesBuildPhase section */

/* Begin PBXSourcesBuildPhase section */
		A60000010000000000000001 /* Sources */ = {
			isa = PBXSourcesBuildPhase;
			buildActionMask = 2147483647;
			files = (
				A10000010000000000000001 /* SnippitApp.swift in Sources */,
				A10000010000000000000002 /* ContentView.swift in Sources */,
				A10000010000000000000003 /* HomeView.swift in Sources */,
				A10000010000000000000004 /* MagazineBrowserView.swift in Sources */,
				A10000010000000000000005 /* CollageCanvasView.swift in Sources */,
				870813614A02AAE953E37996 /* CanvasViewModel.swift in Sources */,
				A262A8507313267DF832E041 /* CanvasBackgroundView.swift in Sources */,
				C6BF7E5E0DB524264A81916C /* CanvasIngredientsTrayView.swift in Sources */,
				E78057699F06B6FC1F11FB68 /* CanvasItemView.swift in Sources */,
				094350B7B6436C67E5A90AE5 /* CanvasToolbarView.swift in Sources */,
				78F395AB1A42E8EF5067E374 /* GridOverlayView.swift in Sources */,
				DA3518DB19FE862671C8375C /* SnapGuidesView.swift in Sources */,
				A10000010000000000000101 /* PreviewData.swift in Sources */,
				A10000010000000000000102 /* CollageProject.swift in Sources */,
				A10000010000000000000103 /* ClippedItem.swift in Sources */,
				A10000010000000000000104 /* MagazineItem.swift in Sources */,
				A10000010000000000000105 /* MagazineManager.swift in Sources */,
				A10000010000000000000106 /* AIClippingEngine.swift in Sources */,
				A10000010000000000000107 /* PaperEffectsRenderer.swift in Sources */,
				A10000010000000000000108 /* CloudKitSyncManager.swift in Sources */,
				A10000010000000000000200 /* CanvasSize.swift in Sources */,
				A10000010000000000000201 /* StarterTemplate.swift in Sources */,
				A10000010000000000000202 /* InspirationItem.swift in Sources */,
				A10000010000000000000203 /* ProjectCardView.swift in Sources */,
				A10000010000000000000204 /* NewCollageButton.swift in Sources */,
				A10000010000000000000205 /* TemplateRowView.swift in Sources */,
				A10000010000000000000206 /* InspirationGalleryView.swift in Sources */,
				A10000010000000000000207 /* IngredientsTrayView.swift in Sources */,
				A100000100000000000000300 /* MagazineCategory.swift in Sources */,
				A100000100000000000000301 /* CuratedCollection.swift in Sources */,
				A100000100000000000000302 /* BookmarkedPage.swift in Sources */,
				A100000100000000000000303 /* BrowsingHistoryManager.swift in Sources */,
				A100000100000000000000304 /* CategoryFilterBar.swift in Sources */,
				A100000100000000000000305 /* DecadeFilterBar.swift in Sources */,
				A100000100000000000000306 /* MagazineCoverCard.swift in Sources */,
				A100000100000000000000307 /* CuratedCollectionRow.swift in Sources */,
				A100000100000000000000308 /* RecentlyBrowsedRow.swift in Sources */,
				A100000100000000000000309 /* BookmarkedPagesView.swift in Sources */,
				A100000100000000000000310 /* MagazineReaderView.swift in Sources */,
				A100000100000000000000311 /* CollectionDetailView.swift in Sources */,
				0DE093EF8ECC4C5CA018BF91 /* SmartClippingView.swift in Sources */,
				1B9A702A6B1F42BBAA682F47 /* SmartClippingViewModel.swift in Sources */,
				0151953FB71545E1B6D73364 /* ClippingCanvasView.swift in Sources */,
				F885BFEAD5444768AB8C3D47 /* ClippingToolbar.swift in Sources */,
				11F5D08FFBEE47C49EE41977 /* ImageSourcePicker.swift in Sources */,
				22B613B33B7541F29E77B1C1 /* CameraCaptureView.swift in Sources */,
				F9883BE7D0114392A18E2ABA /* ClipConfirmationSheet.swift in Sources */,
			);
			runOnlyForDeploymentPostprocessing = 0;
		};
/* End PBXSourcesBuildPhase section */

/* Begin XCBuildConfiguration section */
		B10000010000000000000001 /* Debug */ = {
			isa = XCBuildConfiguration;
			buildSettings = {
				ALWAYS_SEARCH_USER_PATHS = NO;
				ASSETCATALOG_COMPILER_GENERATE_SWIFT_ASSET_SYMBOL_EXTENSIONS = YES;
				CLANG_ANALYZER_NONNULL = YES;
				CLANG_ANALYZER_NUMBER_OBJECT_CONVERSION = YES_AGGRESSIVE;
				CLANG_CXX_LANGUAGE_STANDARD = "gnu++20";
				CLANG_ENABLE_MODULES = YES;
				CLANG_ENABLE_OBJC_ARC = YES;
				CLANG_ENABLE_OBJC_WEAK = YES;
				CLANG_WARN_BLOCK_CAPTURE_AUTORELEASING = YES;
				CLANG_WARN_BOOL_CONVERSION = YES;
				CLANG_WARN_COMMA = YES;
				CLANG_WARN_CONSTANT_CONVERSION = YES;
				CLANG_WARN_DEPRECATED_OBJC_IMPLEMENTATIONS = YES;
				CLANG_WARN_DIRECT_OBJC_ISA_USAGE = YES_ERROR;
				CLANG_WARN_DOCUMENTATION_COMMENTS = YES;
				CLANG_WARN_EMPTY_BODY = YES;
				CLANG_WARN_ENUM_CONVERSION = YES;
				CLANG_WARN_INFINITE_RECURSION = YES;
				CLANG_WARN_INT_CONVERSION = YES;
				CLANG_WARN_NON_LITERAL_NULL_CONVERSION = YES;
				CLANG_WARN_OBJC_IMPLICIT_RETAIN_SELF = YES;
				CLANG_WARN_OBJC_LITERAL_CONVERSION = YES;
				CLANG_WARN_OBJC_ROOT_CLASS = YES_ERROR;
				CLANG_WARN_QUOTED_INCLUDE_IN_FRAMEWORK_HEADER = YES;
				CLANG_WARN_RANGE_LOOP_ANALYSIS = YES;
				CLANG_WARN_STRICT_PROTOTYPES = YES;
				CLANG_WARN_SUSPICIOUS_MOVE = YES;
				CLANG_WARN_UNGUARDED_AVAILABILITY = YES_AGGRESSIVE;
				CLANG_WARN_UNREACHABLE_CODE = YES;
				CLANG_WARN__DUPLICATE_METHOD_MATCH = YES;
				COPY_PHASE_STRIP = NO;
				DEBUG_INFORMATION_FORMAT = dwarf;
				ENABLE_STRICT_OBJC_MSGSEND = YES;
				ENABLE_TESTABILITY = YES;
				ENABLE_USER_SCRIPT_SANDBOXING = YES;
				GCC_C_LANGUAGE_STANDARD = gnu17;
				GCC_DYNAMIC_NO_PIC = NO;
				GCC_NO_COMMON_BLOCKS = YES;
				GCC_OPTIMIZATION_LEVEL = 0;
				GCC_PREPROCESSOR_DEFINITIONS = (
					"DEBUG=1",
					"$(inherited)",
				);
				GCC_WARN_64_TO_32_BIT_CONVERSION = YES;
				GCC_WARN_ABOUT_RETURN_TYPE = YES_ERROR;
				GCC_WARN_UNDECLARED_SELECTOR = YES;
				GCC_WARN_UNINITIALIZED_AUTOS = YES_AGGRESSIVE;
				GCC_WARN_UNUSED_FUNCTION = YES;
				GCC_WARN_UNUSED_VARIABLE = YES;
				IPHONEOS_DEPLOYMENT_TARGET = 17.0;
				LOCALIZATION_PREFERS_STRING_CATALOGS = YES;
				MTL_ENABLE_DEBUG_INFO = INCLUDE_SOURCE;
				MTL_FAST_MATH = YES;
				ONLY_ACTIVE_ARCH = YES;
				SDKROOT = iphoneos;
				SWIFT_ACTIVE_COMPILATION_CONDITIONS = "DEBUG $(inherited)";
				SWIFT_OPTIMIZATION_LEVEL = "-Onone";
			};
			name = Debug;
		};
		B10000010000000000000002 /* Release */ = {
			isa = XCBuildConfiguration;
			buildSettings = {
				ALWAYS_SEARCH_USER_PATHS = NO;
				ASSETCATALOG_COMPILER_GENERATE_SWIFT_ASSET_SYMBOL_EXTENSIONS = YES;
				CLANG_ANALYZER_NONNULL = YES;
				CLANG_ANALYZER_NUMBER_OBJECT_CONVERSION = YES_AGGRESSIVE;
				CLANG_CXX_LANGUAGE_STANDARD = "gnu++20";
				CLANG_ENABLE_MODULES = YES;
				CLANG_ENABLE_OBJC_ARC = YES;
				CLANG_ENABLE_OBJC_WEAK = YES;
				CLANG_WARN_BLOCK_CAPTURE_AUTORELEASING = YES;
				CLANG_WARN_BOOL_CONVERSION = YES;
				CLANG_WARN_COMMA = YES;
				CLANG_WARN_CONSTANT_CONVERSION = YES;
				CLANG_WARN_DEPRECATED_OBJC_IMPLEMENTATIONS = YES;
				CLANG_WARN_DIRECT_OBJC_ISA_USAGE = YES_ERROR;
				CLANG_WARN_DOCUMENTATION_COMMENTS = YES;
				CLANG_WARN_EMPTY_BODY = YES;
				CLANG_WARN_ENUM_CONVERSION = YES;
				CLANG_WARN_INFINITE_RECURSION = YES;
				CLANG_WARN_INT_CONVERSION = YES;
				CLANG_WARN_NON_LITERAL_NULL_CONVERSION = YES;
				CLANG_WARN_OBJC_IMPLICIT_RETAIN_SELF = YES;
				CLANG_WARN_OBJC_LITERAL_CONVERSION = YES;
				CLANG_WARN_OBJC_ROOT_CLASS = YES_ERROR;
				CLANG_WARN_QUOTED_INCLUDE_IN_FRAMEWORK_HEADER = YES;
				CLANG_WARN_RANGE_LOOP_ANALYSIS = YES;
				CLANG_WARN_STRICT_PROTOTYPES = YES;
				CLANG_WARN_SUSPICIOUS_MOVE = YES;
				CLANG_WARN_UNGUARDED_AVAILABILITY = YES_AGGRESSIVE;
				CLANG_WARN_UNREACHABLE_CODE = YES;
				CLANG_WARN__DUPLICATE_METHOD_MATCH = YES;
				COPY_PHASE_STRIP = NO;
				DEBUG_INFORMATION_FORMAT = "dwarf-with-dsym";
				ENABLE_NS_ASSERTIONS = NO;
				ENABLE_STRICT_OBJC_MSGSEND = YES;
				ENABLE_USER_SCRIPT_SANDBOXING = YES;
				GCC_C_LANGUAGE_STANDARD = gnu17;
				GCC_NO_COMMON_BLOCKS = YES;
				GCC_WARN_64_TO_32_BIT_CONVERSION = YES;
				GCC_WARN_ABOUT_RETURN_TYPE = YES_ERROR;
				GCC_WARN_UNDECLARED_SELECTOR = YES;
				GCC_WARN_UNINITIALIZED_AUTOS = YES_AGGRESSIVE;
				GCC_WARN_UNUSED_FUNCTION = YES;
				GCC_WARN_UNUSED_VARIABLE = YES;
				IPHONEOS_DEPLOYMENT_TARGET = 17.0;
				LOCALIZATION_PREFERS_STRING_CATALOGS = YES;
				MTL_ENABLE_DEBUG_INFO = NO;
				MTL_FAST_MATH = YES;
				SDKROOT = iphoneos;
				SWIFT_COMPILATION_MODE = wholemodule;
				VALIDATE_PRODUCT = YES;
			};
			name = Release;
		};
		B10000010000000000000003 /* Debug */ = {
			isa = XCBuildConfiguration;
			buildSettings = {
				ASSETCATALOG_COMPILER_APPICON_NAME = AppIcon;
				ASSETCATALOG_COMPILER_GLOBAL_ACCENT_COLOR_NAME = AccentColor;
				CODE_SIGN_STYLE = Automatic;
				CURRENT_PROJECT_VERSION = 1;
				DEVELOPMENT_TEAM = "";
				ENABLE_PREVIEWS = YES;
				GENERATE_INFOPLIST_FILE = YES;
				INFOPLIST_KEY_UIApplicationSceneManifest_Generation = YES;
				INFOPLIST_KEY_UIApplicationSupportsIndirectInputEvents = YES;
				INFOPLIST_KEY_UILaunchScreen_Generation = YES;
				INFOPLIST_KEY_UISupportedInterfaceOrientations_iPad = "UIInterfaceOrientationPortrait UIInterfaceOrientationPortraitUpsideDown UIInterfaceOrientationLandscapeLeft UIInterfaceOrientationLandscapeRight";
				INFOPLIST_KEY_UISupportedInterfaceOrientations_iPhone = "UIInterfaceOrientationPortrait UIInterfaceOrientationLandscapeLeft UIInterfaceOrientationLandscapeRight";
				LD_RUNPATH_SEARCH_PATHS = (
					"$(inherited)",
					"@executable_path/Frameworks",
				);
				MARKETING_VERSION = 1.0;
				PRODUCT_BUNDLE_IDENTIFIER = com.chadnewbry.snippit;
				PRODUCT_NAME = "$(TARGET_NAME)";
				SWIFT_EMIT_LOC_STRINGS = YES;
				SWIFT_VERSION = 5.0;
				TARGETED_DEVICE_FAMILY = "1,2";
			};
			name = Debug;
		};
		B10000010000000000000004 /* Release */ = {
			isa = XCBuildConfiguration;
			buildSettings = {
				ASSETCATALOG_COMPILER_APPICON_NAME = AppIcon;
				ASSETCATALOG_COMPILER_GLOBAL_ACCENT_COLOR_NAME = AccentColor;
				CODE_SIGN_STYLE = Automatic;
				CURRENT_PROJECT_VERSION = 1;
				DEVELOPMENT_TEAM = "";
				ENABLE_PREVIEWS = YES;
				GENERATE_INFOPLIST_FILE = YES;
				INFOPLIST_KEY_UIApplicationSceneManifest_Generation = YES;
				INFOPLIST_KEY_UIApplicationSupportsIndirectInputEvents = YES;
				INFOPLIST_KEY_UILaunchScreen_Generation = YES;
				INFOPLIST_KEY_UISupportedInterfaceOrientations_iPad = "UIInterfaceOrientationPortrait UIInterfaceOrientationPortraitUpsideDown UIInterfaceOrientationLandscapeLeft UIInterfaceOrientationLandscapeRight";
				INFOPLIST_KEY_UISupportedInterfaceOrientations_iPhone = "UIInterfaceOrientationPortrait UIInterfaceOrientationLandscapeLeft UIInterfaceOrientationLandscapeRight";
				LD_RUNPATH_SEARCH_PATHS = (
					"$(inherited)",
					"@executable_path/Frameworks",
				);
				MARKETING_VERSION = 1.0;
				PRODUCT_BUNDLE_IDENTIFIER = com.chadnewbry.snippit;
				PRODUCT_NAME = "$(TARGET_NAME)";
				SWIFT_EMIT_LOC_STRINGS = YES;
				SWIFT_VERSION = 5.0;
				TARGETED_DEVICE_FAMILY = "1,2";
			};
			name = Release;
		};
/* End XCBuildConfiguration section */

/* Begin XCConfigurationList section */
		A70000010000000000000001 /* Build configuration list for PBXProject "Snippit" */ = {
			isa = XCConfigurationList;
			buildConfigurations = (
				B10000010000000000000001 /* Debug */,
				B10000010000000000000002 /* Release */,
			);
			defaultConfigurationIsVisible = 0;
			defaultConfigurationName = Release;
		};
		A70000010000000000000003 /* Build configuration list for PBXNativeTarget "Snippit" */ = {
			isa = XCConfigurationList;
			buildConfigurations = (
				B10000010000000000000003 /* Debug */,
				B10000010000000000000004 /* Release */,
			);
			defaultConfigurationIsVisible = 0;
			defaultConfigurationName = Release;
		};
/* End XCConfigurationList section */

	};
	rootObject = A90000010000000000000001 /* Project object */;
}
